
Microsoft Visual Studio Solution File, Format Version 12.00
# Visual Studio Version 17
VisualStudioVersion = 17.2.32516.85
MinimumVisualStudioVersion = 10.0.40219.1
Project("{FAE04EC0-301F-11D3-BF4B-00C04F79EFBC}") = "GitHub", "GitHub\GitHub.csproj", "{936889B2-01E6-4491-831C-A7DFE227E7A1}"
EndProject
Global
	GlobalSection(SolutionConfigurationPlatforms) = preSolution
		Debug|Any CPU = Debug|Any CPU
		Release|Any CPU = Release|Any CPU
	EndGlobalSection
	GlobalSection(ProjectConfigurationPlatforms) = postSolution
		{936889B2-01E6-4491-831C-A7DFE227E7A1}.Debug|Any CPU.ActiveCfg = Debug|Any CPU
		{936889B2-01E6-4491-831C-A7DFE227E7A1}.Debug|Any CPU.Build.0 = Debug|Any CPU
		{936889B2-01E6-4491-831C-A7DFE227E7A1}.Release|Any CPU.ActiveCfg = Release|Any CPU
		{936889B2-01E6-4491-831C-A7DFE227E7A1}.Release|Any CPU.Build.0 = Release|Any CPU
	EndGlobalSection
	GlobalSection(SolutionProperties) = preSolution
		HideSolutionNode = FALSE
	EndGlobalSection
	GlobalSection(ExtensibilityGlobals) = postSolution
		SolutionGuid = {722FFBF9-F9A4-4FD2-A070-F12EA561C4CC}
	EndGlobalSection
EndGlobal
